
Microsoft Visual Studio Solution File, Format Version 12.00
# Visual Studio Version 17
VisualStudioVersion = 17.14.37203.1 d17.14
MinimumVisualStudioVersion = 10.0.40219.1
Project("{FAE04EC0-301F-11D3-BF4B-00C04F79EFBC}") = "filmoviCrud", "filmoviCrud\filmoviCrud.csproj", "{C2F61F29-BA30-4E64-9026-33716E42EF44}"
EndProject
Global
	GlobalSection(SolutionConfigurationPlatforms) = preSolution
		Debug|Any CPU = Debug|Any CPU
		Release|Any CPU = Release|Any CPU
	EndGlobalSection
	GlobalSection(ProjectConfigurationPlatforms) = postSolution
		{C2F61F29-BA30-4E64-9026-33716E42EF44}.Debug|Any CPU.ActiveCfg = Debug|Any CPU
		{C2F61F29-BA30-4E64-9026-33716E42EF44}.Debug|Any CPU.Build.0 = Debug|Any CPU
		{C2F61F29-BA30-4E64-9026-33716E42EF44}.Release|Any CPU.ActiveCfg = Release|Any CPU
		{C2F61F29-BA30-4E64-9026-33716E42EF44}.Release|Any CPU.Build.0 = Release|Any CPU
	EndGlobalSection
	GlobalSection(SolutionProperties) = preSolution
		HideSolutionNode = FALSE
	EndGlobalSection
	GlobalSection(ExtensibilityGlobals) = postSolution
		SolutionGuid = {0DECF52E-593A-442A-8108-BEEE254121AE}
	EndGlobalSection
EndGlobal
